
Microsoft Visual Studio Solution File, Format Version 12.00
# Visual Studio Version 17
VisualStudioVersion = 17.0.31919.166
MinimumVisualStudioVersion = 10.0.40219.1
Project("{9A19103F-16F7-4668-BE54-9A1E7A4F7556}") = "Reloaded.API", "src\Reloaded.API\Reloaded.API.csproj", "{C614B74D-C0B4-4C5E-9DE8-DC5788595CAE}"
EndProject
Project("{2150E333-8FDC-42A3-9474-1A3956D46DE8}") = "tests", "tests", "{07BC7D39-A5D0-4B9A-AA8B-CFDD0D77CF01}"
EndProject
Project("{9A19103F-16F7-4668-BE54-9A1E7A4F7556}") = "Reloaded.Common", "src\Reloaded.Common\Reloaded.Common.csproj", "{47BD9347-A3F3-400A-9D4B-35A9ECAA781E}"
EndProject
Project("{9A19103F-16F7-4668-BE54-9A1E7A4F7556}") = "Reloaded.Core", "src\Reloaded.Core\Reloaded.Core.csproj", "{06AC02CC-4B86-44FC-8D42-B8CC41683C4E}"
EndProject
Project("{9A19103F-16F7-4668-BE54-9A1E7A4F7556}") = "Reloaded.Data", "src\Reloaded.Data\Reloaded.Data.csproj", "{2C198336-303C-40BC-B3A4-A7B186235580}"
EndProject
Project("{9A19103F-16F7-4668-BE54-9A1E7A4F7556}") = "Reloaded.Common.Tests", "tests\Reloaded.Common.Tests\Reloaded.Common.Tests.csproj", "{8EAF3A31-42EE-43E6-8ACF-304F10E95C93}"
EndProject
Project("{FAE04EC0-301F-11D3-BF4B-00C04F79EFBC}") = "Reloaded.API.Tests", "tests\Reloaded.API.Tests\Reloaded.API.Tests.csproj", "{1779905D-CA5A-4FEA-B7B0-4155CDC12D55}"
EndProject
Global
	GlobalSection(SolutionConfigurationPlatforms) = preSolution
		Debug|Any CPU = Debug|Any CPU
		Release|Any CPU = Release|Any CPU
	EndGlobalSection
	GlobalSection(ProjectConfigurationPlatforms) = postSolution
		{C614B74D-C0B4-4C5E-9DE8-DC5788595CAE}.Debug|Any CPU.ActiveCfg = Debug|Any CPU
		{C614B74D-C0B4-4C5E-9DE8-DC5788595CAE}.Debug|Any CPU.Build.0 = Debug|Any CPU
		{C614B74D-C0B4-4C5E-9DE8-DC5788595CAE}.Release|Any CPU.ActiveCfg = Release|Any CPU
		{C614B74D-C0B4-4C5E-9DE8-DC5788595CAE}.Release|Any CPU.Build.0 = Release|Any CPU
		{47BD9347-A3F3-400A-9D4B-35A9ECAA781E}.Debug|Any CPU.ActiveCfg = Debug|Any CPU
		{47BD9347-A3F3-400A-9D4B-35A9ECAA781E}.Debug|Any CPU.Build.0 = Debug|Any CPU
		{47BD9347-A3F3-400A-9D4B-35A9ECAA781E}.Release|Any CPU.ActiveCfg = Release|Any CPU
		{47BD9347-A3F3-400A-9D4B-35A9ECAA781E}.Release|Any CPU.Build.0 = Release|Any CPU
		{06AC02CC-4B86-44FC-8D42-B8CC41683C4E}.Debug|Any CPU.ActiveCfg = Debug|Any CPU
		{06AC02CC-4B86-44FC-8D42-B8CC41683C4E}.Debug|Any CPU.Build.0 = Debug|Any CPU
		{06AC02CC-4B86-44FC-8D42-B8CC41683C4E}.Release|Any CPU.ActiveCfg = Release|Any CPU
		{06AC02CC-4B86-44FC-8D42-B8CC41683C4E}.Release|Any CPU.Build.0 = Release|Any CPU
		{2C198336-303C-40BC-B3A4-A7B186235580}.Debug|Any CPU.ActiveCfg = Debug|Any CPU
		{2C198336-303C-40BC-B3A4-A7B186235580}.Debug|Any CPU.Build.0 = Debug|Any CPU
		{2C198336-303C-40BC-B3A4-A7B186235580}.Release|Any CPU.ActiveCfg = Release|Any CPU
		{2C198336-303C-40BC-B3A4-A7B186235580}.Release|Any CPU.Build.0 = Release|Any CPU
		{8EAF3A31-42EE-43E6-8ACF-304F10E95C93}.Debug|Any CPU.ActiveCfg = Debug|Any CPU
		{8EAF3A31-42EE-43E6-8ACF-304F10E95C93}.Debug|Any CPU.Build.0 = Debug|Any CPU
		{8EAF3A31-42EE-43E6-8ACF-304F10E95C93}.Release|Any CPU.ActiveCfg = Release|Any CPU
		{8EAF3A31-42EE-43E6-8ACF-304F10E95C93}.Release|Any CPU.Build.0 = Release|Any CPU
		{1779905D-CA5A-4FEA-B7B0-4155CDC12D55}.Debug|Any CPU.ActiveCfg = Debug|Any CPU
		{1779905D-CA5A-4FEA-B7B0-4155CDC12D55}.Debug|Any CPU.Build.0 = Debug|Any CPU
		{1779905D-CA5A-4FEA-B7B0-4155CDC12D55}.Release|Any CPU.ActiveCfg = Release|Any CPU
		{1779905D-CA5A-4FEA-B7B0-4155CDC12D55}.Release|Any CPU.Build.0 = Release|Any CPU
	EndGlobalSection
	GlobalSection(SolutionProperties) = preSolution
		HideSolutionNode = FALSE
	EndGlobalSection
	GlobalSection(NestedProjects) = preSolution
		{8EAF3A31-42EE-43E6-8ACF-304F10E95C93} = {07BC7D39-A5D0-4B9A-AA8B-CFDD0D77CF01}
		{1779905D-CA5A-4FEA-B7B0-4155CDC12D55} = {07BC7D39-A5D0-4B9A-AA8B-CFDD0D77CF01}
	EndGlobalSection
	GlobalSection(ExtensibilityGlobals) = postSolution
		SolutionGuid = {73F68603-7CE1-489E-9141-1290A89161EE}
	EndGlobalSection
EndGlobal
